
Microsoft Visual Studio Solution File, Format Version 12.00
# Visual Studio Version 17
VisualStudioVersion = 17.14.36109.1
MinimumVisualStudioVersion = 10.0.40219.1
Project("{FAE04EC0-301F-11D3-BF4B-00C04F79EFBC}") = "AuditLogsExtractor", "AuditLogsExtractor\AuditLogsExtractor.csproj", "{553CA28A-9CAB-4FEC-B45F-85E7D883BD78}"
EndProject
Project("{FAE04EC0-301F-11D3-BF4B-00C04F79EFBC}") = "AuditLogsUI", "AuditLogsUI\AuditLogsUI.csproj", "{A3AB81F2-916B-4794-8558-0D6959D8D473}"
EndProject
Project("{FAE04EC0-301F-11D3-BF4B-00C04F79EFBC}") = "D365AuditExporter", "D365AuditExporter\D365AuditExporter.csproj", "{AF253E5D-FADA-403F-92A3-BF3CE05D98FE}"
EndProject
Global
	GlobalSection(SolutionConfigurationPlatforms) = preSolution
		Debug|Any CPU = Debug|Any CPU
		Debug|x64 = Debug|x64
		Release|Any CPU = Release|Any CPU
		Release|x64 = Release|x64
	EndGlobalSection
	GlobalSection(ProjectConfigurationPlatforms) = postSolution
		{553CA28A-9CAB-4FEC-B45F-85E7D883BD78}.Debug|Any CPU.ActiveCfg = Debug|Any CPU
		{553CA28A-9CAB-4FEC-B45F-85E7D883BD78}.Debug|Any CPU.Build.0 = Debug|Any CPU
		{553CA28A-9CAB-4FEC-B45F-85E7D883BD78}.Debug|x64.ActiveCfg = Debug|x64
		{553CA28A-9CAB-4FEC-B45F-85E7D883BD78}.Debug|x64.Build.0 = Debug|x64
		{553CA28A-9CAB-4FEC-B45F-85E7D883BD78}.Release|Any CPU.ActiveCfg = Release|Any CPU
		{553CA28A-9CAB-4FEC-B45F-85E7D883BD78}.Release|Any CPU.Build.0 = Release|Any CPU
		{553CA28A-9CAB-4FEC-B45F-85E7D883BD78}.Release|x64.ActiveCfg = Release|x64
		{553CA28A-9CAB-4FEC-B45F-85E7D883BD78}.Release|x64.Build.0 = Release|x64
		{A3AB81F2-916B-4794-8558-0D6959D8D473}.Debug|Any CPU.ActiveCfg = Debug|Any CPU
		{A3AB81F2-916B-4794-8558-0D6959D8D473}.Debug|Any CPU.Build.0 = Debug|Any CPU
		{A3AB81F2-916B-4794-8558-0D6959D8D473}.Debug|x64.ActiveCfg = Debug|Any CPU
		{A3AB81F2-916B-4794-8558-0D6959D8D473}.Debug|x64.Build.0 = Debug|Any CPU
		{A3AB81F2-916B-4794-8558-0D6959D8D473}.Release|Any CPU.ActiveCfg = Release|Any CPU
		{A3AB81F2-916B-4794-8558-0D6959D8D473}.Release|Any CPU.Build.0 = Release|Any CPU
		{A3AB81F2-916B-4794-8558-0D6959D8D473}.Release|x64.ActiveCfg = Release|Any CPU
		{A3AB81F2-916B-4794-8558-0D6959D8D473}.Release|x64.Build.0 = Release|Any CPU
		{AF253E5D-FADA-403F-92A3-BF3CE05D98FE}.Debug|Any CPU.ActiveCfg = Debug|Any CPU
		{AF253E5D-FADA-403F-92A3-BF3CE05D98FE}.Debug|Any CPU.Build.0 = Debug|Any CPU
		{AF253E5D-FADA-403F-92A3-BF3CE05D98FE}.Debug|x64.ActiveCfg = Debug|Any CPU
		{AF253E5D-FADA-403F-92A3-BF3CE05D98FE}.Debug|x64.Build.0 = Debug|Any CPU
		{AF253E5D-FADA-403F-92A3-BF3CE05D98FE}.Release|Any CPU.ActiveCfg = Release|Any CPU
		{AF253E5D-FADA-403F-92A3-BF3CE05D98FE}.Release|Any CPU.Build.0 = Release|Any CPU
		{AF253E5D-FADA-403F-92A3-BF3CE05D98FE}.Release|x64.ActiveCfg = Release|Any CPU
		{AF253E5D-FADA-403F-92A3-BF3CE05D98FE}.Release|x64.Build.0 = Release|Any CPU
	EndGlobalSection
	GlobalSection(SolutionProperties) = preSolution
		HideSolutionNode = FALSE
	EndGlobalSection
	GlobalSection(ExtensibilityGlobals) = postSolution
		SolutionGuid = {B969EC25-01B7-4799-ACAB-895F5352B363}
	EndGlobalSection
EndGlobal
